
Microsoft Visual Studio Solution File, Format Version 12.00
# Visual Studio Version 16
VisualStudioVersion = 16.0.32228.343
MinimumVisualStudioVersion = 10.0.40219.1
Project("{FAE04EC0-301F-11D3-BF4B-00C04F79EFBC}") = "SnakeOOP", "SnakeOOP\SnakeOOP.csproj", "{FEBBF901-100C-4B6C-996E-4E9E781CD8A7}"
EndProject
Global
	GlobalSection(SolutionConfigurationPlatforms) = preSolution
		Debug|Any CPU = Debug|Any CPU
		Release|Any CPU = Release|Any CPU
	EndGlobalSection
	GlobalSection(ProjectConfigurationPlatforms) = postSolution
		{FEBBF901-100C-4B6C-996E-4E9E781CD8A7}.Debug|Any CPU.ActiveCfg = Debug|Any CPU
		{FEBBF901-100C-4B6C-996E-4E9E781CD8A7}.Debug|Any CPU.Build.0 = Debug|Any CPU
		{FEBBF901-100C-4B6C-996E-4E9E781CD8A7}.Release|Any CPU.ActiveCfg = Release|Any CPU
		{FEBBF901-100C-4B6C-996E-4E9E781CD8A7}.Release|Any CPU.Build.0 = Release|Any CPU
	EndGlobalSection
	GlobalSection(SolutionProperties) = preSolution
		HideSolutionNode = FALSE
	EndGlobalSection
	GlobalSection(ExtensibilityGlobals) = postSolution
		SolutionGuid = {24D1D3D7-16DC-4BEA-AA4A-6CA3FAC42177}
	EndGlobalSection
EndGlobal
